
Microsoft Visual Studio Solution File, Format Version 12.00
# Visual Studio 15
VisualStudioVersion = 15.0.28307.539
MinimumVisualStudioVersion = 10.0.40219.1
Project("{FAE04EC0-301F-11D3-BF4B-00C04F79EFBC}") = "ZHTPlayer", "ZHTPlayer\ZHTPlayer.csproj", "{DDBBF91D-BD5D-4590-8E81-C8A90D2189F3}"
EndProject
Project("{FAE04EC0-301F-11D3-BF4B-00C04F79EFBC}") = "PlayerClient", "PlayerClient\PlayerClient.csproj", "{01CCB934-B77F-4681-86C5-AE4FEE648238}"
EndProject
Global
	GlobalSection(SolutionConfigurationPlatforms) = preSolution
		Debug|Any CPU = Debug|Any CPU
		Debug|x64 = Debug|x64
		Debug|x86 = Debug|x86
		Release|Any CPU = Release|Any CPU
		Release|x64 = Release|x64
		Release|x86 = Release|x86
	EndGlobalSection
	GlobalSection(ProjectConfigurationPlatforms) = postSolution
		{DDBBF91D-BD5D-4590-8E81-C8A90D2189F3}.Debug|Any CPU.ActiveCfg = Debug|Any CPU
		{DDBBF91D-BD5D-4590-8E81-C8A90D2189F3}.Debug|Any CPU.Build.0 = Debug|Any CPU
		{DDBBF91D-BD5D-4590-8E81-C8A90D2189F3}.Debug|x64.ActiveCfg = Debug|Any CPU
		{DDBBF91D-BD5D-4590-8E81-C8A90D2189F3}.Debug|x64.Build.0 = Debug|Any CPU
		{DDBBF91D-BD5D-4590-8E81-C8A90D2189F3}.Debug|x86.ActiveCfg = Debug|Any CPU
		{DDBBF91D-BD5D-4590-8E81-C8A90D2189F3}.Debug|x86.Build.0 = Debug|Any CPU
		{DDBBF91D-BD5D-4590-8E81-C8A90D2189F3}.Release|Any CPU.ActiveCfg = Release|Any CPU
		{DDBBF91D-BD5D-4590-8E81-C8A90D2189F3}.Release|Any CPU.Build.0 = Release|Any CPU
		{DDBBF91D-BD5D-4590-8E81-C8A90D2189F3}.Release|x64.ActiveCfg = Release|Any CPU
		{DDBBF91D-BD5D-4590-8E81-C8A90D2189F3}.Release|x64.Build.0 = Release|Any CPU
		{DDBBF91D-BD5D-4590-8E81-C8A90D2189F3}.Release|x86.ActiveCfg = Release|Any CPU
		{DDBBF91D-BD5D-4590-8E81-C8A90D2189F3}.Release|x86.Build.0 = Release|Any CPU
		{01CCB934-B77F-4681-86C5-AE4FEE648238}.Debug|Any CPU.ActiveCfg = Debug|Any CPU
		{01CCB934-B77F-4681-86C5-AE4FEE648238}.Debug|Any CPU.Build.0 = Debug|Any CPU
		{01CCB934-B77F-4681-86C5-AE4FEE648238}.Debug|x64.ActiveCfg = Debug|x64
		{01CCB934-B77F-4681-86C5-AE4FEE648238}.Debug|x64.Build.0 = Debug|x64
		{01CCB934-B77F-4681-86C5-AE4FEE648238}.Debug|x86.ActiveCfg = Debug|x86
		{01CCB934-B77F-4681-86C5-AE4FEE648238}.Debug|x86.Build.0 = Debug|x86
		{01CCB934-B77F-4681-86C5-AE4FEE648238}.Release|Any CPU.ActiveCfg = Release|Any CPU
		{01CCB934-B77F-4681-86C5-AE4FEE648238}.Release|Any CPU.Build.0 = Release|Any CPU
		{01CCB934-B77F-4681-86C5-AE4FEE648238}.Release|x64.ActiveCfg = Release|x64
		{01CCB934-B77F-4681-86C5-AE4FEE648238}.Release|x64.Build.0 = Release|x64
		{01CCB934-B77F-4681-86C5-AE4FEE648238}.Release|x86.ActiveCfg = Release|x86
		{01CCB934-B77F-4681-86C5-AE4FEE648238}.Release|x86.Build.0 = Release|x86
	EndGlobalSection
	GlobalSection(SolutionProperties) = preSolution
		HideSolutionNode = FALSE
	EndGlobalSection
	GlobalSection(ExtensibilityGlobals) = postSolution
		SolutionGuid = {9DBC5AC6-F5E3-4833-9F05-8FC23F3A9C86}
	EndGlobalSection
EndGlobal
